
Microsoft Visual Studio Solution File, Format Version 12.00
# Visual Studio Version 16
VisualStudioVersion = 16.0.31321.278
MinimumVisualStudioVersion = 10.0.40219.1
Project("{FAE04EC0-301F-11D3-BF4B-00C04F79EFBC}") = "Avanade.SubTESE.Projeto.Api", "Avanade.SubTESE.Projeto.Api\Avanade.SubTESE.Projeto.Api.csproj", "{A50B2B15-D7BC-4279-8C3D-7A99B1DA0B1C}"
EndProject
Global
	GlobalSection(SolutionConfigurationPlatforms) = preSolution
		Debug|Any CPU = Debug|Any CPU
		Release|Any CPU = Release|Any CPU
	EndGlobalSection
	GlobalSection(ProjectConfigurationPlatforms) = postSolution
		{A50B2B15-D7BC-4279-8C3D-7A99B1DA0B1C}.Debug|Any CPU.ActiveCfg = Debug|Any CPU
		{A50B2B15-D7BC-4279-8C3D-7A99B1DA0B1C}.Debug|Any CPU.Build.0 = Debug|Any CPU
		{A50B2B15-D7BC-4279-8C3D-7A99B1DA0B1C}.Release|Any CPU.ActiveCfg = Release|Any CPU
		{A50B2B15-D7BC-4279-8C3D-7A99B1DA0B1C}.Release|Any CPU.Build.0 = Release|Any CPU
	EndGlobalSection
	GlobalSection(SolutionProperties) = preSolution
		HideSolutionNode = FALSE
	EndGlobalSection
	GlobalSection(ExtensibilityGlobals) = postSolution
		SolutionGuid = {44C2FBBD-407A-4D2E-BA8A-64D8CDB707B6}
	EndGlobalSection
EndGlobal
